
Microsoft Visual Studio Solution File, Format Version 12.00
# Visual Studio Version 17
VisualStudioVersion = 17.3.32825.248
MinimumVisualStudioVersion = 10.0.40219.1
Project("{FAE04EC0-301F-11D3-BF4B-00C04F79EFBC}") = "Pong", "Pong\Pong.csproj", "{002A0585-2062-4EA7-8D77-D805625EBD05}"
EndProject
Global
	GlobalSection(SolutionConfigurationPlatforms) = preSolution
		Debug|Any CPU = Debug|Any CPU
		Release|Any CPU = Release|Any CPU
	EndGlobalSection
	GlobalSection(ProjectConfigurationPlatforms) = postSolution
		{002A0585-2062-4EA7-8D77-D805625EBD05}.Debug|Any CPU.ActiveCfg = Debug|Any CPU
		{002A0585-2062-4EA7-8D77-D805625EBD05}.Debug|Any CPU.Build.0 = Debug|Any CPU
		{002A0585-2062-4EA7-8D77-D805625EBD05}.Release|Any CPU.ActiveCfg = Release|Any CPU
		{002A0585-2062-4EA7-8D77-D805625EBD05}.Release|Any CPU.Build.0 = Release|Any CPU
	EndGlobalSection
	GlobalSection(SolutionProperties) = preSolution
		HideSolutionNode = FALSE
	EndGlobalSection
	GlobalSection(ExtensibilityGlobals) = postSolution
		SolutionGuid = {CB8B69E6-6340-4456-A036-B4816DBA9D36}
	EndGlobalSection
EndGlobal
